// !$*UTF8*$!
{
	archiveVersion = 1;
	classes = {
	};
	objectVersion = 46;
	objects = {

/* Begin PBXBuildFile section */
		931CBCD01F3917180060B425 /* AppDelegate.swift in Sources */ = {isa = PBXBuildFile; fileRef = 931CBCCF1F3917180060B425 /* AppDelegate.swift */; };
		931CBCD21F3917180060B425 /* ViewController.swift in Sources */ = {isa = PBXBuildFile; fileRef = 931CBCD11F3917180060B425 /* ViewController.swift */; };
		931CBCD51F3917180060B425 /* Main.storyboard in Resources */ = {isa = PBXBuildFile; fileRef = 931CBCD31F3917180060B425 /* Main.storyboard */; };
		931CBCD71F3917180060B425 /* Assets.xcassets in Resources */ = {isa = PBXBuildFile; fileRef = 931CBCD61F3917180060B425 /* Assets.xcassets */; };
		931CBCDA1F3917180060B425 /* LaunchScreen.storyboard in Resources */ = {isa = PBXBuildFile; fileRef = 931CBCD81F3917180060B425 /* LaunchScreen.storyboard */; };
		931CBCE51F3917190060B425 /* TableViewinTableViewCellTests.swift in Sources */ = {isa = PBXBuildFile; fileRef = 931CBCE41F3917190060B425 /* TableViewinTableViewCellTests.swift */; };
		931CBCF01F39195E0060B425 /* CustomCell.swift in Sources */ = {isa = PBXBuildFile; fileRef = 931CBCEF1F39195E0060B425 /* CustomCell.swift */; };
/* End PBXBuildFile section */

/* Begin PBXContainerItemProxy section */
		931CBCE11F3917190060B425 /* PBXContainerItemProxy */ = {
			isa = PBXContainerItemProxy;
			containerPortal = 931CBCC41F3917180060B425 /* Project object */;
			proxyType = 1;
			remoteGlobalIDString = 931CBCCB1F3917180060B425;
			remoteInfo = TableViewinTableViewCell;
		};
/* End PBXContainerItemProxy section */

/* Begin PBXFileReference section */
		931CBCCC1F3917180060B425 /* TableViewinTableViewCell.app */ = {isa = PBXFileReference; explicitFileType = wrapper.application; includeInIndex = 0; path = TableViewinTableViewCell.app; sourceTree = BUILT_PRODUCTS_DIR; };
		931CBCCF1F3917180060B425 /* AppDelegate.swift */ = {isa = PBXFileReference; lastKnownFileType = sourcecode.swift; path = AppDelegate.swift; sourceTree = "<group>"; };
		931CBCD11F3917180060B425 /* ViewController.swift */ = {isa = PBXFileReference; lastKnownFileType = sourcecode.swift; path = ViewController.swift; sourceTree = "<group>"; };
		931CBCD41F3917180060B425 /* Base */ = {isa = PBXFileReference; lastKnownFileType = file.storyboard; name = Base; path = Base.lproj/Main.storyboard; sourceTree = "<group>"; };
		931CBCD61F3917180060B425 /* Assets.xcassets */ = {isa = PBXFileReference; lastKnownFileType = folder.assetcatalog; path = Assets.xcassets; sourceTree = "<group>"; };
		931CBCD91F3917180060B425 /* Base */ = {isa = PBXFileReference; lastKnownFileType = file.storyboard; name = Base; path = Base.lproj/LaunchScreen.storyboard; sourceTree = "<group>"; };
		931CBCDB1F3917180060B425 /* Info.plist */ = {isa = PBXFileReference; lastKnownFileType = text.plist.xml; path = Info.plist; sourceTree = "<group>"; };
		931CBCE01F3917180060B425 /* TableViewinTableViewCellTests.xctest */ = {isa = PBXFileReference; explicitFileType = wrapper.cfbundle; includeInIndex = 0; path = TableViewinTableViewCellTests.xctest; sourceTree = BUILT_PRODUCTS_DIR; };
		931CBCE41F3917190060B425 /* TableViewinTableViewCellTests.swift */ = {isa = PBXFileReference; lastKnownFileType = sourcecode.swift; path = TableViewinTableViewCellTests.swift; sourceTree = "<group>"; };
		931CBCE61F3917190060B425 /* Info.plist */ = {isa = PBXFileReference; lastKnownFileType = text.plist.xml; path = Info.plist; sourceTree = "<group>"; };
		931CBCEF1F39195E0060B425 /* CustomCell.swift */ = {isa = PBXFileReference; fileEncoding = 4; lastKnownFileType = sourcecode.swift; path = CustomCell.swift; sourceTree = "<group>"; };
/* End PBXFileReference section */

/* Begin PBXFrameworksBuildPhase section */
		931CBCC91F3917180060B425 /* Frameworks */ = {
			isa = PBXFrameworksBuildPhase;
			buildActionMask = 2147483647;
			files = (
			);
			runOnlyForDeploymentPostprocessing = 0;
		};
		931CBCDD1F3917180060B425 /* Frameworks */ = {
			isa = PBXFrameworksBuildPhase;
			buildActionMask = 2147483647;
			files = (
			);
			runOnlyForDeploymentPostprocessing = 0;
		};
/* End PBXFrameworksBuildPhase section */

/* Begin PBXGroup section */
		931CBCC31F3917180060B425 = {
			isa = PBXGroup;
			children = (
				931CBCCE1F3917180060B425 /* TableViewinTableViewCell */,
				931CBCE31F3917190060B425 /* TableViewinTableViewCellTests */,
				931CBCCD1F3917180060B425 /* Products */,
			);
			sourceTree = "<group>";
		};
		931CBCCD1F3917180060B425 /* Products */ = {
			isa = PBXGroup;
			children = (
				931CBCCC1F3917180060B425 /* TableViewinTableViewCell.app */,
				931CBCE01F3917180060B425 /* TableViewinTableViewCellTests.xctest */,
			);
			name = Products;
			sourceTree = "<group>";
		};
		931CBCCE1F3917180060B425 /* TableViewinTableViewCell */ = {
			isa = PBXGroup;
			children = (
				931CBCCF1F3917180060B425 /* AppDelegate.swift */,
				931CBCD11F3917180060B425 /* ViewController.swift */,
				931CBCD31F3917180060B425 /* Main.storyboard */,
				931CBCD61F3917180060B425 /* Assets.xcassets */,
				931CBCD81F3917180060B425 /* LaunchScreen.storyboard */,
				931CBCDB1F3917180060B425 /* Info.plist */,
				931CBCEF1F39195E0060B425 /* CustomCell.swift */,
			);
			path = TableViewinTableViewCell;
			sourceTree = "<group>";
		};
		931CBCE31F3917190060B425 /* TableViewinTableViewCellTests */ = {
			isa = PBXGroup;
			children = (
				931CBCE41F3917190060B425 /* TableViewinTableViewCellTests.swift */,
				931CBCE61F3917190060B425 /* Info.plist */,
			);
			path = TableViewinTableViewCellTests;
			sourceTree = "<group>";
		};
/* End PBXGroup section */

/* Begin PBXNativeTarget section */
		931CBCCB1F3917180060B425 /* TableViewinTableViewCell */ = {
			isa = PBXNativeTarget;
			buildConfigurationList = 931CBCE91F3917190060B425 /* Build configuration list for PBXNativeTarget "TableViewinTableViewCell" */;
			buildPhases = (
				931CBCC81F3917180060B425 /* Sources */,
				931CBCC91F3917180060B425 /* Frameworks */,
				931CBCCA1F3917180060B425 /* Resources */,
			);
			buildRules = (
			);
			dependencies = (
			);
			name = TableViewinTableViewCell;
			productName = TableViewinTableViewCell;
			productReference = 931CBCCC1F3917180060B425 /* TableViewinTableViewCell.app */;
			productType = "com.apple.product-type.application";
		};
		931CBCDF1F3917180060B425 /* TableViewinTableViewCellTests */ = {
			isa = PBXNativeTarget;
			buildConfigurationList = 931CBCEC1F3917190060B425 /* Build configuration list for PBXNativeTarget "TableViewinTableViewCellTests" */;
			buildPhases = (
				931CBCDC1F3917180060B425 /* Sources */,
				931CBCDD1F3917180060B425 /* Frameworks */,
				931CBCDE1F3917180060B425 /* Resources */,
			);
			buildRules = (
			);
			dependencies = (
				931CBCE21F3917190060B425 /* PBXTargetDependency */,
			);
			name = TableViewinTableViewCellTests;
			productName = TableViewinTableViewCellTests;
			productReference = 931CBCE01F3917180060B425 /* TableViewinTableViewCellTests.xctest */;
			productType = "com.apple.product-type.bundle.unit-test";
		};
/* End PBXNativeTarget section */

/* Begin PBXProject section */
		931CBCC41F3917180060B425 /* Project object */ = {
			isa = PBXProject;
			attributes = {
				LastSwiftUpdateCheck = 0830;
				LastUpgradeCheck = 0830;
				ORGANIZATIONNAME = "Saiteja Alle";
				TargetAttributes = {
					931CBCCB1F3917180060B425 = {
						CreatedOnToolsVersion = 8.3.3;
						ProvisioningStyle = Automatic;
					};
					931CBCDF1F3917180060B425 = {
						CreatedOnToolsVersion = 8.3.3;
						ProvisioningStyle = Automatic;
						TestTargetID = 931CBCCB1F3917180060B425;
					};
				};
			};
			buildConfigurationList = 931CBCC71F3917180060B425 /* Build configuration list for PBXProject "TableViewinTableViewCell" */;
			compatibilityVersion = "Xcode 3.2";
			developmentRegion = English;
			hasScannedForEncodings = 0;
			knownRegions = (
				en,
				Base,
			);
			mainGroup = 931CBCC31F3917180060B425;
			productRefGroup = 931CBCCD1F3917180060B425 /* Products */;
			projectDirPath = "";
			projectRoot = "";
			targets = (
				931CBCCB1F3917180060B425 /* TableViewinTableViewCell */,
				931CBCDF1F3917180060B425 /* TableViewinTableViewCellTests */,
			);
		};
/* End PBXProject section */

/* Begin PBXResourcesBuildPhase section */
		931CBCCA1F3917180060B425 /* Resources */ = {
			isa = PBXResourcesBuildPhase;
			buildActionMask = 2147483647;
			files = (
				931CBCDA1F3917180060B425 /* LaunchScreen.storyboard in Resources */,
				931CBCD71F3917180060B425 /* Assets.xcassets in Resources */,
				931CBCD51F3917180060B425 /* Main.storyboard in Resources */,
			);
			runOnlyForDeploymentPostprocessing = 0;
		};
		931CBCDE1F3917180060B425 /* Resources */ = {
			isa = PBXResourcesBuildPhase;
			buildActionMask = 2147483647;
			files = (
			);
			runOnlyForDeploymentPostprocessing = 0;
		};
/* End PBXResourcesBuildPhase section */

/* Begin PBXSourcesBuildPhase section */
		931CBCC81F3917180060B425 /* Sources */ = {
			isa = PBXSourcesBuildPhase;
			buildActionMask = 2147483647;
			files = (
				931CBCD21F3917180060B425 /* ViewController.swift in Sources */,
				931CBCF01F39195E0060B425 /* CustomCell.swift in Sources */,
				931CBCD01F3917180060B425 /* AppDelegate.swift in Sources */,
			);
			runOnlyForDeploymentPostprocessing = 0;
		};
		931CBCDC1F3917180060B425 /* Sources */ = {
			isa = PBXSourcesBuildPhase;
			buildActionMask = 2147483647;
			files = (
				931CBCE51F3917190060B425 /* TableViewinTableViewCellTests.swift in Sources */,
			);
			runOnlyForDeploymentPostprocessing = 0;
		};
/* End PBXSourcesBuildPhase section */

/* Begin PBXTargetDependency section */
		931CBCE21F3917190060B425 /* PBXTargetDependency */ = {
			isa = PBXTargetDependency;
			target = 931CBCCB1F3917180060B425 /* TableViewinTableViewCell */;
			targetProxy = 931CBCE11F3917190060B425 /* PBXContainerItemProxy */;
		};
/* End PBXTargetDependency section */

/* Begin PBXVariantGroup section */
		931CBCD31F3917180060B425 /* Main.storyboard */ = {
			isa = PBXVariantGroup;
			children = (
				931CBCD41F3917180060B425 /* Base */,
			);
			name = Main.storyboard;
			sourceTree = "<group>";
		};
		931CBCD81F3917180060B425 /* LaunchScreen.storyboard */ = {
			isa = PBXVariantGroup;
			children = (
				931CBCD91F3917180060B425 /* Base */,
			);
			name = LaunchScreen.storyboard;
			sourceTree = "<group>";
		};
/* End PBXVariantGroup section */

/* Begin XCBuildConfiguration section */
		931CBCE71F3917190060B425 /* Debug */ = {
			isa = XCBuildConfiguration;
			buildSettings = {
				ALWAYS_SEARCH_USER_PATHS = NO;
				CLANG_ANALYZER_NONNULL = YES;
				CLANG_ANALYZER_NUMBER_OBJECT_CONVERSION = YES_AGGRESSIVE;
				CLANG_CXX_LANGUAGE_STANDARD = "gnu++0x";
				CLANG_CXX_LIBRARY = "libc++";
				CLANG_ENABLE_MODULES = YES;
				CLANG_ENABLE_OBJC_ARC = YES;
				CLANG_WARN_BOOL_CONVERSION = YES;
				CLANG_WARN_CONSTANT_CONVERSION = YES;
				CLANG_WARN_DIRECT_OBJC_ISA_USAGE = YES_ERROR;
				CLANG_WARN_DOCUMENTATION_COMMENTS = YES;
				CLANG_WARN_EMPTY_BODY = YES;
				CLANG_WARN_ENUM_CONVERSION = YES;
				CLANG_WARN_INFINITE_RECURSION = YES;
				CLANG_WARN_INT_CONVERSION = YES;
				CLANG_WARN_OBJC_ROOT_CLASS = YES_ERROR;
				CLANG_WARN_SUSPICIOUS_MOVE = YES;
				CLANG_WARN_UNREACHABLE_CODE = YES;
				CLANG_WARN__DUPLICATE_METHOD_MATCH = YES;
				"CODE_SIGN_IDENTITY[sdk=iphoneos*]" = "iPhone Developer";
				COPY_PHASE_STRIP = NO;
				DEBUG_INFORMATION_FORMAT = dwarf;
				ENABLE_STRICT_OBJC_MSGSEND = YES;
				ENABLE_TESTABILITY = YES;
				GCC_C_LANGUAGE_STANDARD = gnu99;
				GCC_DYNAMIC_NO_PIC = NO;
				GCC_NO_COMMON_BLOCKS = YES;
				GCC_OPTIMIZATION_LEVEL = 0;
				GCC_PREPROCESSOR_DEFINITIONS = (
					"DEBUG=1",
					"$(inherited)",
				);
				GCC_WARN_64_TO_32_BIT_CONVERSION = YES;
				GCC_WARN_ABOUT_RETURN_TYPE = YES_ERROR;
				GCC_WARN_UNDECLARED_SELECTOR = YES;
				GCC_WARN_UNINITIALIZED_AUTOS = YES_AGGRESSIVE;
				GCC_WARN_UNUSED_FUNCTION = YES;
				GCC_WARN_UNUSED_VARIABLE = YES;
				IPHONEOS_DEPLOYMENT_TARGET = 10.3;
				MTL_ENABLE_DEBUG_INFO = YES;
				ONLY_ACTIVE_ARCH = YES;
				SDKROOT = iphoneos;
				SWIFT_ACTIVE_COMPILATION_CONDITIONS = DEBUG;
				SWIFT_OPTIMIZATION_LEVEL = "-Onone";
				TARGETED_DEVICE_FAMILY = "1,2";
			};
			name = Debug;
		};
		931CBCE81F3917190060B425 /* Release */ = {
			isa = XCBuildConfiguration;
			buildSettings = {
				ALWAYS_SEARCH_USER_PATHS = NO;
				CLANG_ANALYZER_NONNULL = YES;
				CLANG_ANALYZER_NUMBER_OBJECT_CONVERSION = YES_AGGRESSIVE;
				CLANG_CXX_LANGUAGE_STANDARD = "gnu++0x";
				CLANG_CXX_LIBRARY = "libc++";
				CLANG_ENABLE_MODULES = YES;
				CLANG_ENABLE_OBJC_ARC = YES;
				CLANG_WARN_BOOL_CONVERSION = YES;
				CLANG_WARN_CONSTANT_CONVERSION = YES;
				CLANG_WARN_DIRECT_OBJC_ISA_USAGE = YES_ERROR;
				CLANG_WARN_DOCUMENTATION_COMMENTS = YES;
				CLANG_WARN_EMPTY_BODY = YES;
				CLANG_WARN_ENUM_CONVERSION = YES;
				CLANG_WARN_INFINITE_RECURSION = YES;
				CLANG_WARN_INT_CONVERSION = YES;
				CLANG_WARN_OBJC_ROOT_CLASS = YES_ERROR;
				CLANG_WARN_SUSPICIOUS_MOVE = YES;
				CLANG_WARN_UNREACHABLE_CODE = YES;
				CLANG_WARN__DUPLICATE_METHOD_MATCH = YES;
				"CODE_SIGN_IDENTITY[sdk=iphoneos*]" = "iPhone Developer";
				COPY_PHASE_STRIP = NO;
				DEBUG_INFORMATION_FORMAT = "dwarf-with-dsym";
				ENABLE_NS_ASSERTIONS = NO;
				ENABLE_STRICT_OBJC_MSGSEND = YES;
				GCC_C_LANGUAGE_STANDARD = gnu99;
				GCC_NO_COMMON_BLOCKS = YES;
				GCC_WARN_64_TO_32_BIT_CONVERSION = YES;
				GCC_WARN_ABOUT_RETURN_TYPE = YES_ERROR;
				GCC_WARN_UNDECLARED_SELECTOR = YES;
				GCC_WARN_UNINITIALIZED_AUTOS = YES_AGGRESSIVE;
				GCC_WARN_UNUSED_FUNCTION = YES;
				GCC_WARN_UNUSED_VARIABLE = YES;
				IPHONEOS_DEPLOYMENT_TARGET = 10.3;
				MTL_ENABLE_DEBUG_INFO = NO;
				SDKROOT = iphoneos;
				SWIFT_OPTIMIZATION_LEVEL = "-Owholemodule";
				TARGETED_DEVICE_FAMILY = "1,2";
				VALIDATE_PRODUCT = YES;
			};
			name = Release;
		};
		931CBCEA1F3917190060B425 /* Debug */ = {
			isa = XCBuildConfiguration;
			buildSettings = {
				ASSETCATALOG_COMPILER_APPICON_NAME = AppIcon;
				INFOPLIST_FILE = TableViewinTableViewCell/Info.plist;
				LD_RUNPATH_SEARCH_PATHS = "$(inherited) @executable_path/Frameworks";
				PRODUCT_BUNDLE_IDENTIFIER = dreamer.TableViewinTableViewCell;
				PRODUCT_NAME = "$(TARGET_NAME)";
				SWIFT_VERSION = 3.0;
			};
			name = Debug;
		};
		931CBCEB1F3917190060B425 /* Release */ = {
			isa = XCBuildConfiguration;
			buildSettings = {
				ASSETCATALOG_COMPILER_APPICON_NAME = AppIcon;
				INFOPLIST_FILE = TableViewinTableViewCell/Info.plist;
				LD_RUNPATH_SEARCH_PATHS = "$(inherited) @executable_path/Frameworks";
				PRODUCT_BUNDLE_IDENTIFIER = dreamer.TableViewinTableViewCell;
				PRODUCT_NAME = "$(TARGET_NAME)";
				SWIFT_VERSION = 3.0;
			};
			name = Release;
		};
		931CBCED1F3917190060B425 /* Debug */ = {
			isa = XCBuildConfiguration;
			buildSettings = {
				ALWAYS_EMBED_SWIFT_STANDARD_LIBRARIES = YES;
				BUNDLE_LOADER = "$(TEST_HOST)";
				INFOPLIST_FILE = TableViewinTableViewCellTests/Info.plist;
				LD_RUNPATH_SEARCH_PATHS = "$(inherited) @executable_path/Frameworks @loader_path/Frameworks";
				PRODUCT_BUNDLE_IDENTIFIER = dreamer.TableViewinTableViewCellTests;
				PRODUCT_NAME = "$(TARGET_NAME)";
				SWIFT_VERSION = 3.0;
				TEST_HOST = "$(BUILT_PRODUCTS_DIR)/TableViewinTableViewCell.app/TableViewinTableViewCell";
			};
			name = Debug;
		};
		931CBCEE1F3917190060B425 /* Release */ = {
			isa = XCBuildConfiguration;
			buildSettings = {
				ALWAYS_EMBED_SWIFT_STANDARD_LIBRARIES = YES;
				BUNDLE_LOADER = "$(TEST_HOST)";
				INFOPLIST_FILE = TableViewinTableViewCellTests/Info.plist;
				LD_RUNPATH_SEARCH_PATHS = "$(inherited) @executable_path/Frameworks @loader_path/Frameworks";
				PRODUCT_BUNDLE_IDENTIFIER = dreamer.TableViewinTableViewCellTests;
				PRODUCT_NAME = "$(TARGET_NAME)";
				SWIFT_VERSION = 3.0;
				TEST_HOST = "$(BUILT_PRODUCTS_DIR)/TableViewinTableViewCell.app/TableViewinTableViewCell";
			};
			name = Release;
		};
/* End XCBuildConfiguration section */

/* Begin XCConfigurationList section */
		931CBCC71F3917180060B425 /* Build configuration list for PBXProject "TableViewinTableViewCell" */ = {
			isa = XCConfigurationList;
			buildConfigurations = (
				931CBCE71F3917190060B425 /* Debug */,
				931CBCE81F3917190060B425 /* Release */,
			);
			defaultConfigurationIsVisible = 0;
			defaultConfigurationName = Release;
		};
		931CBCE91F3917190060B425 /* Build configuration list for PBXNativeTarget "TableViewinTableViewCell" */ = {
			isa = XCConfigurationList;
			buildConfigurations = (
				931CBCEA1F3917190060B425 /* Debug */,
				931CBCEB1F3917190060B425 /* Release */,
			);
			defaultConfigurationIsVisible = 0;
		};
		931CBCEC1F3917190060B425 /* Build configuration list for PBXNativeTarget "TableViewinTableViewCellTests" */ = {
			isa = XCConfigurationList;
			buildConfigurations = (
				931CBCED1F3917190060B425 /* Debug */,
				931CBCEE1F3917190060B425 /* Release */,
			);
			defaultConfigurationIsVisible = 0;
		};
/* End XCConfigurationList section */
	};
	rootObject = 931CBCC41F3917180060B425 /* Project object */;
}
